{
    "_readme": [
        "This file locks the dependencies of your project to a known state",
        "Read more about it at https://getcomposer.org/doc/01-basic-usage.md#installing-dependencies",
        "This file is @generated automatically"
    ],
    "content-hash": "1b6157cd9ffeedca3462cc3545a2c5f4",
    "packages": [
        {
            "name": "automattic/jetpack-autoloader",
            "version": "v2.12.0",
            "source": {
                "type": "git",
                "url": "https://github.com/Automattic/jetpack-autoloader.git",
                "reference": "632b69cfc73ed5505f2b03165e7f68d414d0da12"
            },
            "dist": {
                "type": "zip",
                "url": "https://api.github.com/repos/Automattic/jetpack-autoloader/zipball/632b69cfc73ed5505f2b03165e7f68d414d0da12",
                "reference": "632b69cfc73ed5505f2b03165e7f68d414d0da12",
                "shasum": ""
            },
            "require": {
                "composer-plugin-api": "^1.1 || ^2.0"
            },
            "require-dev": {
                "automattic/jetpack-changelogger": "^3.3.11",
                "yoast/phpunit-polyfills": "1.1.0"
            },
            "type": "composer-plugin",
            "extra": {
                "class": "Automattic\\Jetpack\\Autoloader\\CustomAutoloaderPlugin",
                "autotagger": true,
                "mirror-repo": "Automattic/jetpack-autoloader",
                "branch-alias": {
                    "dev-trunk": "2.12.x-dev"
                },
                "changelogger": {
                    "link-template": "https://github.com/Automattic/jetpack-autoloader/compare/v${old}...v${new}"
                },
                "version-constants": {
                    "::VERSION": "src/AutoloadGenerator.php"
                }
            },
            "autoload": {
                "psr-4": {
                    "Automattic\\Jetpack\\Autoloader\\": "src"
                },
                "classmap": [
                    "src/AutoloadGenerator.php"
                ]
            },
            "notification-url": "https://packagist.org/downloads/",
            "license": [
                "GPL-2.0-or-later"
            ],
            "description": "Creates a custom autoloader for a plugin or theme.",
            "keywords": [
                "autoload",
                "autoloader",
                "composer",
                "jetpack",
                "plugin",
                "wordpress"
            ],
            "support": {
                "source": "https://github.com/Automattic/jetpack-autoloader/tree/v2.12.0"
            },
            "time": "2023-09-28T18:33:34+00:00"
        },
        {
            "name": "wordpress/mcp-adapter",
            "version": "v0.5.0",
            "source": {
                "type": "git",
                "url": "https://github.com/WordPress/mcp-adapter.git",
                "reference": "7bfc49f46b3ea7544dded49d5a606089f825a80b"
            },
            "dist": {
                "type": "zip",
                "url": "https://api.github.com/repos/WordPress/mcp-adapter/zipball/7bfc49f46b3ea7544dded49d5a606089f825a80b",
                "reference": "7bfc49f46b3ea7544dded49d5a606089f825a80b",
                "shasum": ""
            },
            "require": {
                "ext-json": "*",
                "php": "^7.4 || ^8.0",
                "wordpress/php-mcp-schema": "^0.1.0"
            },
            "require-dev": {
                "automattic/vipwpcs": "^3.0",
                "php-stubs/wordpress-stubs": "^6.9",
                "php-stubs/wp-cli-stubs": "^2.12",
                "phpcompatibility/php-compatibility": "10.x-dev as 9.99.99",
                "phpcompatibility/phpcompatibility-wp": "^2.1",
                "phpstan/extension-installer": "^1.3",
                "phpstan/php-8-stubs": "^0.4.24",
                "phpstan/phpstan": "^2.1.22",
                "phpstan/phpstan-deprecation-rules": "^2.0.3",
                "phpunit/phpunit": "^9.6",
                "slevomat/coding-standard": "^8.0",
                "szepeviktor/phpstan-wordpress": "^2.0",
                "wp-phpunit/wp-phpunit": "^6.5",
                "wpackagist-plugin/plugin-check": "^1.6",
                "yoast/phpunit-polyfills": "^4.0"
            },
            "type": "wordpress-plugin",
            "extra": {
                "installer-paths": {
                    "vendor/{$vendor}/{$name}/": [
                        "wpackagist-plugin/plugin-check"
                    ]
                }
            },
            "autoload": {
                "psr-4": {
                    "WP\\MCP\\": "includes/"
                }
            },
            "autoload-dev": {
                "psr-4": {
                    "WP\\MCP\\Tests\\": [
                        "tests/"
                    ]
                }
            },
            "scripts": {
                "lint:php": [
                    "phpcs"
                ],
                "lint:php:fix": [
                    "phpcbf"
                ],
                "lint:php:stan": [
                    "vendor/bin/phpstan analyse --memory-limit=1G"
                ],
                "test": [
                    "phpunit --strict-coverage"
                ]
            },
            "license": [
                "GPL-2.0-or-later"
            ],
            "authors": [
                {
                    "name": "WordPress AI Team",
                    "homepage": "https://make.wordpress.org/ai/"
                }
            ],
            "description": "Adapter for Abilities API, letting WordPress abilities to be used as MCP tools, resources or prompts",
            "homepage": "https://github.com/wordpress/mcp-adapter",
            "keywords": [
                "abilities-api",
                "adapter",
                "ai",
                "api",
                "integration",
                "mcp",
                "model-context-protocol",
                "wordpress"
            ],
            "support": {
                "issues": "https://github.com/wordpress/mcp-adapter/issues",
                "source": "https://github.com/wordpress/mcp-adapter"
            },
            "time": "2026-04-14T12:12:58+00:00"
        },
        {
            "name": "wordpress/php-mcp-schema",
            "version": "v0.1.1",
            "source": {
                "type": "git",
                "url": "https://github.com/WordPress/php-mcp-schema.git",
                "reference": "e2118ec421ead51a3e17a3d8160f4537727e91b9"
            },
            "dist": {
                "type": "zip",
                "url": "https://api.github.com/repos/WordPress/php-mcp-schema/zipball/e2118ec421ead51a3e17a3d8160f4537727e91b9",
                "reference": "e2118ec421ead51a3e17a3d8160f4537727e91b9",
                "shasum": ""
            },
            "require": {
                "php": ">=7.4"
            },
            "require-dev": {
                "phpstan/phpstan": "^1.10"
            },
            "type": "library",
            "autoload": {
                "psr-4": {
                    "WP\\McpSchema\\": "src/"
                }
            },
            "notification-url": "https://packagist.org/downloads/",
            "license": [
                "GPL-2.0-or-later"
            ],
            "authors": [
                {
                    "name": "WordPress",
                    "homepage": "https://wordpress.org"
                }
            ],
            "description": "PHP DTOs for the Model Context Protocol (MCP) specification",
            "homepage": "https://github.com/WordPress/php-mcp-schema",
            "keywords": [
                "dto",
                "mcp",
                "model-context-protocol",
                "php",
                "schema"
            ],
            "support": {
                "issues": "https://github.com/WordPress/php-mcp-schema/issues",
                "source": "https://github.com/WordPress/php-mcp-schema/tree/v0.1.1"
            },
            "time": "2026-04-10T19:35:16+00:00"
        },
        {
            "name": "wpboilerplate/wpb-access-control",
            "version": "dev-main",
            "source": {
                "type": "git",
                "url": "git@github.com:WPBoilerplate/wpb-access-control.git",
                "reference": "3272d18526476897cb678e926ca929687a0b9f2f"
            },
            "dist": {
                "type": "zip",
                "url": "https://api.github.com/repos/WPBoilerplate/wpb-access-control/zipball/3272d18526476897cb678e926ca929687a0b9f2f",
                "reference": "3272d18526476897cb678e926ca929687a0b9f2f",
                "shasum": ""
            },
            "require": {
                "php": ">=7.4"
            },
            "default-branch": true,
            "type": "library",
            "autoload": {
                "psr-4": {
                    "WPBoilerplate\\AccessControl\\": "src/"
                }
            },
            "license": [
                "GPL-2.0-or-later"
            ],
            "authors": [
                {
                    "name": "WPBoilerplate Team",
                    "homepage": "https://github.com/WPBoilerplate"
                }
            ],
            "description": "Extensible per-resource access control library for WordPress plugins",
            "homepage": "https://github.com/WPBoilerplate/wpb-access-control",
            "keywords": [
                "access-control",
                "authorization",
                "permissions",
                "roles",
                "wordpress"
            ],
            "support": {
                "issues": "https://github.com/WPBoilerplate/wpb-access-control/issues",
                "source": "https://github.com/WPBoilerplate/wpb-access-control"
            },
            "time": "2026-04-24T07:20:30+00:00"
        }
    ],
    "packages-dev": [],
    "aliases": [],
    "minimum-stability": "dev",
    "stability-flags": {
        "wpboilerplate/wpb-access-control": 20
    },
    "prefer-stable": true,
    "prefer-lowest": false,
    "platform": {
        "php": ">=7.4"
    },
    "platform-dev": {},
    "plugin-api-version": "2.6.0"
}
